
Microsoft Visual Studio Solution File, Format Version 12.00
# Visual Studio 14
VisualStudioVersion = 14.0.25420.1
MinimumVisualStudioVersion = 10.0.40219.1
Project("{FAE04EC0-301F-11D3-BF4B-00C04F79EFBC}") = "GUI_QuanLyHocSinh", "QuanLyHocSinh\GUI_QuanLyHocSinh.csproj", "{8C54FC24-5D06-4521-AA8E-2CD221804CE5}"
EndProject
Project("{FAE04EC0-301F-11D3-BF4B-00C04F79EFBC}") = "DAL", "DAL\DAL.csproj", "{92015985-279A-4485-B2CF-4B5BDC325F18}"
EndProject
Project("{FAE04EC0-301F-11D3-BF4B-00C04F79EFBC}") = "DAO", "DAO\DAO.csproj", "{A0F42F36-0DAD-4C41-84C5-D501C39C3660}"
EndProject
Global
	GlobalSection(SolutionConfigurationPlatforms) = preSolution
		Debug|Any CPU = Debug|Any CPU
		Release|Any CPU = Release|Any CPU
	EndGlobalSection
	GlobalSection(ProjectConfigurationPlatforms) = postSolution
		{8C54FC24-5D06-4521-AA8E-2CD221804CE5}.Debug|Any CPU.ActiveCfg = Debug|Any CPU
		{8C54FC24-5D06-4521-AA8E-2CD221804CE5}.Debug|Any CPU.Build.0 = Debug|Any CPU
		{8C54FC24-5D06-4521-AA8E-2CD221804CE5}.Release|Any CPU.ActiveCfg = Release|Any CPU
		{8C54FC24-5D06-4521-AA8E-2CD221804CE5}.Release|Any CPU.Build.0 = Release|Any CPU
		{92015985-279A-4485-B2CF-4B5BDC325F18}.Debug|Any CPU.ActiveCfg = Debug|Any CPU
		{92015985-279A-4485-B2CF-4B5BDC325F18}.Debug|Any CPU.Build.0 = Debug|Any CPU
		{92015985-279A-4485-B2CF-4B5BDC325F18}.Release|Any CPU.ActiveCfg = Release|Any CPU
		{92015985-279A-4485-B2CF-4B5BDC325F18}.Release|Any CPU.Build.0 = Release|Any CPU
		{A0F42F36-0DAD-4C41-84C5-D501C39C3660}.Debug|Any CPU.ActiveCfg = Debug|Any CPU
		{A0F42F36-0DAD-4C41-84C5-D501C39C3660}.Debug|Any CPU.Build.0 = Debug|Any CPU
		{A0F42F36-0DAD-4C41-84C5-D501C39C3660}.Release|Any CPU.ActiveCfg = Release|Any CPU
		{A0F42F36-0DAD-4C41-84C5-D501C39C3660}.Release|Any CPU.Build.0 = Release|Any CPU
	EndGlobalSection
	GlobalSection(SolutionProperties) = preSolution
		HideSolutionNode = FALSE
	EndGlobalSection
EndGlobal
